{
  "name": "gauntlet-reforged",
  "version": "1.0.0",
  "lockfileVersion": 3,
  "requires": true,
  "packages": {
    "": {
      "name": "gauntlet-reforged",
      "version": "1.0.0",
      "devDependencies": {
        "mespeak": "2.0.2"
      }
    },
    "node_modules/mespeak": {
      "version": "2.0.2",
      "resolved": "https://registry.npmjs.org/mespeak/-/mespeak-2.0.2.tgz",
      "integrity": "sha512-vrSqilK/IXXpgPqyFQjuJLqwO6TYgVXd84hGj76F1jQ/DEBna4wjSntyTz/zlaH/6oJm8cRj50AkpKcLzQiuxQ==",
      "dev": true,
      "license": "GPL"
    }
  }
}
